
Microsoft Visual Studio Solution File, Format Version 12.00
# Visual Studio Version 16
VisualStudioVersion = 25.0.1706.1
MinimumVisualStudioVersion = 10.0.40219.1
Project("{FAE04EC0-301F-11D3-BF4B-00C04F79EFBC}") = "Test", "Test\Test.csproj", "{0FCC7573-4791-4734-8332-C76A38922243}"
EndProject
Global
	GlobalSection(SolutionConfigurationPlatforms) = preSolution
		Debug|Any CPU = Debug|Any CPU
		Release|Any CPU = Release|Any CPU
	EndGlobalSection
	GlobalSection(ProjectConfigurationPlatforms) = postSolution
		{0FCC7573-4791-4734-8332-C76A38922243}.Debug|Any CPU.ActiveCfg = Debug|Any CPU
		{0FCC7573-4791-4734-8332-C76A38922243}.Debug|Any CPU.Build.0 = Debug|Any CPU
		{0FCC7573-4791-4734-8332-C76A38922243}.Release|Any CPU.ActiveCfg = Release|Any CPU
		{0FCC7573-4791-4734-8332-C76A38922243}.Release|Any CPU.Build.0 = Release|Any CPU
	EndGlobalSection
	GlobalSection(SolutionProperties) = preSolution
		HideSolutionNode = FALSE
	EndGlobalSection
	GlobalSection(ExtensibilityGlobals) = postSolution
		SolutionGuid = {01936E66-E138-4390-975D-D3519225E01D}
	EndGlobalSection
EndGlobal
